<?xml version="1.0" encoding="utf-8"?>
<Project ToolsVersion="4.0" xmlns="http://schemas.microsoft.com/developer/msbuild/2003">
  <ItemGroup>
    <Filter Include="Source Files">
      <UniqueIdentifier>{4FC737F1-C7A5-4376-A066-2A32D752A2FF}</UniqueIdentifier>
      <Extensions>cpp;c;cc;cxx;c++;cppm;ixx;def;odl;idl;hpj;bat;asm;asmx</Extensions>
    </Filter>
    <Filter Include="Header Files">
      <UniqueIdentifier>{93995380-89BD-4b04-88EB-625FBE52EBFB}</UniqueIdentifier>
      <Extensions>h;hh;hpp;hxx;h++;hm;inl;inc;ipp;xsd</Extensions>
    </Filter>
    <Filter Include="Resource Files">
      <UniqueIdentifier>{67DA6AB6-F800-4c08-8B7A-83BB121AAD01}</UniqueIdentifier>
      <Extensions>rc;ico;cur;bmp;dlg;rc2;rct;bin;rgs;gif;jpg;jpeg;jpe;resx;tiff;tif;png;wav;mfcribbon-ms</Extensions>
    </Filter>
  </ItemGroup>
  <ItemGroup>
    <ClInclude Include="common.hpp">
      <Filter>Header Files</Filter>
    </ClInclude>
    <ClInclude Include="dependencies\controller\memory.hpp">
      <Filter>Header Files</Filter>
    </ClInclude>
    <ClInclude Include="dependencies\controller\driver.hpp">
      <Filter>Header Files</Filter>
    </ClInclude>
    <ClInclude Include="dependencies\controller\controller.hpp">
      <Filter>Header Files</Filter>
    </ClInclude>
    <ClInclude Include="dependencies\encryption\xor.hpp">
      <Filter>Header Files</Filter>
    </ClInclude>
    <ClInclude Include="globals.hpp">
      <Filter>Header Files</Filter>
    </ClInclude>
    <ClInclude Include="dependencies\rendering\imgui\imconfig.h">
      <Filter>Header Files</Filter>
    </ClInclude>
    <ClInclude Include="dependencies\rendering\imgui\imgui.h">
      <Filter>Header Files</Filter>
    </ClInclude>
    <ClInclude Include="dependencies\rendering\imgui\imgui_impl_dx9.h">
      <Filter>Header Files</Filter>
    </ClInclude>
    <ClInclude Include="dependencies\rendering\imgui\imgui_impl_win32.h">
      <Filter>Header Files</Filter>
    </ClInclude>
    <ClInclude Include="dependencies\rendering\imgui\imgui_internal.h">
      <Filter>Header Files</Filter>
    </ClInclude>
    <ClInclude Include="dependencies\rendering\imgui\imstb_rectpack.h">
      <Filter>Header Files</Filter>
    </ClInclude>
    <ClInclude Include="dependencies\rendering\imgui\imstb_textedit.h">
      <Filter>Header Files</Filter>
    </ClInclude>
    <ClInclude Include="dependencies\rendering\imgui\imstb_truetype.h">
      <Filter>Header Files</Filter>
    </ClInclude>
    <ClInclude Include="dependencies\rendering\ui\ui.hpp">
      <Filter>Header Files</Filter>
    </ClInclude>
    <ClInclude Include="sdk\game\entity_list.hpp">
      <Filter>Header Files</Filter>
    </ClInclude>
    <ClInclude Include="dependencies\utils\utils.hpp">
      <Filter>Header Files</Filter>
    </ClInclude>
    <ClInclude Include="dependencies\utils\math.hpp">
      <Filter>Header Files</Filter>
    </ClInclude>
    <ClInclude Include="sdk\classes\camera.hpp">
      <Filter>Header Files</Filter>
    </ClInclude>
    <ClInclude Include="sdk\classes\baseplayer.hpp">
      <Filter>Header Files</Filter>
    </ClInclude>
    <ClInclude Include="sdk\classes\playermodel.hpp">
      <Filter>Header Files</Filter>
    </ClInclude>
    <ClInclude Include="sdk\offsets.hpp">
      <Filter>Header Files</Filter>
    </ClInclude>
    <ClInclude Include="sdk\classes\playerinput.hpp">
      <Filter>Header Files</Filter>
    </ClInclude>
    <ClInclude Include="sdk\classes\playereyes.hpp">
      <Filter>Header Files</Filter>
    </ClInclude>
    <ClInclude Include="sdk\classes\modelstate.hpp">
      <Filter>Header Files</Filter>
    </ClInclude>
    <ClInclude Include="sdk\classes\itemdefinition.hpp">
      <Filter>Header Files</Filter>
    </ClInclude>
    <ClInclude Include="sdk\classes\item.hpp">
      <Filter>Header Files</Filter>
    </ClInclude>
    <ClInclude Include="sdk\game\players.hpp">
      <Filter>Header Files</Filter>
    </ClInclude>
    <ClInclude Include="sdk\classes\bone.hpp">
      <Filter>Header Files</Filter>
    </ClInclude>
    <ClInclude Include="sdk\game\features.hpp">
      <Filter>Header Files</Filter>
    </ClInclude>
    <ClInclude Include="sdk\classes\playerwalkmovement.hpp">
      <Filter>Header Files</Filter>
    </ClInclude>
    <ClInclude Include="sdk\game\aimbot.hpp">
      <Filter>Header Files</Filter>
    </ClInclude>
    <ClInclude Include="sdk\classes\baseprojectile.hpp">
      <Filter>Header Files</Filter>
    </ClInclude>
    <ClInclude Include="sdk\classes\projectile.hpp">
      <Filter>Header Files</Filter>
    </ClInclude>
    <ClInclude Include="sdk\classes\basemounted.hpp">
      <Filter>Header Files</Filter>
    </ClInclude>
    <ClInclude Include="sdk\classes\prefab.hpp">
      <Filter>Header Files</Filter>
    </ClInclude>
  </ItemGroup>
  <ItemGroup>
    <ClCompile Include="main.cpp">
      <Filter>Source Files</Filter>
    </ClCompile>
    <ClCompile Include="dependencies\rendering\imgui\imgui.cpp">
      <Filter>Source Files</Filter>
    </ClCompile>
    <ClCompile Include="dependencies\rendering\imgui\imgui_demo.cpp">
      <Filter>Source Files</Filter>
    </ClCompile>
    <ClCompile Include="dependencies\rendering\imgui\imgui_draw.cpp">
      <Filter>Source Files</Filter>
    </ClCompile>
    <ClCompile Include="dependencies\rendering\imgui\imgui_impl_dx9.cpp">
      <Filter>Source Files</Filter>
    </ClCompile>
    <ClCompile Include="dependencies\rendering\imgui\imgui_impl_win32.cpp">
      <Filter>Source Files</Filter>
    </ClCompile>
    <ClCompile Include="dependencies\rendering\imgui\imgui_tables.cpp">
      <Filter>Source Files</Filter>
    </ClCompile>
    <ClCompile Include="dependencies\rendering\imgui\imgui_widgets.cpp">
      <Filter>Source Files</Filter>
    </ClCompile>
  </ItemGroup>
</Project>